{
  "version": 4,
  "terraform_version": "0.12.28",
  "serial": 47,
  "lineage": "d94665e5-084e-dd0b-0c6c-388b7db890c3",
  "outputs": {},
  "resources": [
    {
      "mode": "data",
      "type": "aws_availability_zones",
      "name": "available",
      "provider": "provider.aws",
      "instances": [
        {
          "schema_version": 0,
          "attributes": {
            "all_availability_zones": null,
            "exclude_names": null,
            "exclude_zone_ids": null,
            "filter": null,
            "group_names": [
              "ap-south-1"
            ],
            "id": "ap-south-1",
            "names": [
              "ap-south-1a",
              "ap-south-1b",
              "ap-south-1c"
            ],
            "state": "available",
            "zone_ids": [
              "aps1-az1",
              "aps1-az3",
              "aps1-az2"
            ]
          }
        }
      ]
    },
    {
      "mode": "data",
      "type": "aws_iam_role",
      "name": "role",
      "provider": "provider.aws",
      "instances": [
        {
          "schema_version": 0,
          "attributes": {
            "arn": "arn:aws:iam::419915764910:role/eksClusterRole",
            "assume_role_policy": "{\"Version\":\"2012-10-17\",\"Statement\":[{\"Effect\":\"Allow\",\"Principal\":{\"Service\":\"eks.amazonaws.com\"},\"Action\":\"sts:AssumeRole\"}]}",
            "create_date": "2021-02-16T13:41:40Z",
            "description": "Allows access to other AWS service resources that are required to operate clusters managed by EKS.",
            "id": "eksClusterRole",
            "max_session_duration": 3600,
            "name": "eksClusterRole",
            "path": "/",
            "permissions_boundary": "",
            "tags": {
              "Owner": "rage.anilkumar@primefocus.com"
            },
            "unique_id": "AROAWDRHOCSXOBMN7H5BD"
          }
        }
      ]
    },
    {
      "mode": "data",
      "type": "aws_iam_role",
      "name": "role2",
      "provider": "provider.aws",
      "instances": [
        {
          "schema_version": 0,
          "attributes": {
            "arn": "arn:aws:iam::419915764910:role/NodeInstanceRole",
            "assume_role_policy": "{\"Version\":\"2012-10-17\",\"Statement\":[{\"Effect\":\"Allow\",\"Principal\":{\"Service\":\"ec2.amazonaws.com\"},\"Action\":\"sts:AssumeRole\"}]}",
            "create_date": "2021-02-19T09:42:08Z",
            "description": "Allows EC2 instances to call AWS services on your behalf.",
            "id": "NodeInstanceRole",
            "max_session_duration": 3600,
            "name": "NodeInstanceRole",
            "path": "/",
            "permissions_boundary": "",
            "tags": {
              "Owner": "rage.anilkumar@primefocus.com"
            },
            "unique_id": "AROAWDRHOCSXFHENNP7BC"
          }
        }
      ]
    },
    {
      "mode": "data",
      "type": "aws_subnet",
      "name": "mum-eks-private-subnet",
      "provider": "provider.aws",
      "instances": [
        {
          "schema_version": 0,
          "attributes": {
            "arn": "arn:aws:ec2:ap-south-1:419915764910:subnet/subnet-01ee57da674945012",
            "assign_ipv6_address_on_creation": false,
            "availability_zone": "ap-south-1c",
            "availability_zone_id": "aps1-az2",
            "available_ip_address_count": 238,
            "cidr_block": "10.35.0.0/24",
            "customer_owned_ipv4_pool": "",
            "default_for_az": false,
            "filter": null,
            "id": "subnet-01ee57da674945012",
            "ipv6_cidr_block": null,
            "ipv6_cidr_block_association_id": null,
            "map_customer_owned_ip_on_launch": false,
            "map_public_ip_on_launch": false,
            "outpost_arn": "",
            "owner_id": "419915764910",
            "state": "available",
            "tags": {
              "Name": "mum-eks-private-subnet",
              "kubernetes.io/cluster/mum-pocteraform-eks": "shared",
              "owner": "rage.anilkumar@primefocus.com"
            },
            "vpc_id": "vpc-0babb37c1b650f733"
          }
        }
      ]
    },
    {
      "mode": "data",
      "type": "aws_subnet",
      "name": "mum-eks-public-subnet",
      "provider": "provider.aws",
      "instances": [
        {
          "schema_version": 0,
          "attributes": {
            "arn": "arn:aws:ec2:ap-south-1:419915764910:subnet/subnet-06ee37c811c91e136",
            "assign_ipv6_address_on_creation": false,
            "availability_zone": "ap-south-1a",
            "availability_zone_id": "aps1-az1",
            "available_ip_address_count": 249,
            "cidr_block": "10.35.1.0/24",
            "customer_owned_ipv4_pool": "",
            "default_for_az": false,
            "filter": null,
            "id": "subnet-06ee37c811c91e136",
            "ipv6_cidr_block": null,
            "ipv6_cidr_block_association_id": null,
            "map_customer_owned_ip_on_launch": false,
            "map_public_ip_on_launch": true,
            "outpost_arn": "",
            "owner_id": "419915764910",
            "state": "available",
            "tags": {
              "Name": "mum-eks-public-subnet",
              "kubernetes.io/cluster/mum-pocteraform-eks": "shared",
              "owner": "rage.anilkumar@primefocus.com"
            },
            "vpc_id": "vpc-0babb37c1b650f733"
          }
        }
      ]
    },
    {
      "mode": "data",
      "type": "aws_vpc",
      "name": "mum-akscluster-vpc",
      "provider": "provider.aws",
      "instances": [
        {
          "schema_version": 0,
          "attributes": {
            "arn": "arn:aws:ec2:ap-south-1:419915764910:vpc/vpc-0babb37c1b650f733",
            "cidr_block": "10.35.0.0/16",
            "cidr_block_associations": [
              {
                "association_id": "vpc-cidr-assoc-0df641c8e71784114",
                "cidr_block": "10.35.0.0/16",
                "state": "associated"
              }
            ],
            "default": false,
            "dhcp_options_id": "dopt-877279ef",
            "enable_dns_hostnames": true,
            "enable_dns_support": true,
            "filter": null,
            "id": "vpc-0babb37c1b650f733",
            "instance_tenancy": "default",
            "ipv6_association_id": null,
            "ipv6_cidr_block": null,
            "main_route_table_id": "rtb-0d7de623cb5dc39a4",
            "owner_id": "419915764910",
            "state": "available",
            "tags": {
              "Name": "mum-akscluster-vpc",
              "owner": "rage.anilkumar@primefocus.com"
            }
          }
        }
      ]
    },
    {
      "mode": "managed",
      "type": "aws_eks_cluster",
      "name": "eksClusterRole",
      "provider": "provider.aws",
      "instances": [
        {
          "schema_version": 0,
          "attributes": {
            "arn": "arn:aws:eks:ap-south-1:419915764910:cluster/terraform-eks-demo",
            "certificate_authority": [
              {
                "data": "LS0tLS1CRUdJTiBDRVJUSUZJQ0FURS0tLS0tCk1JSUN5RENDQWJDZ0F3SUJBZ0lCQURBTkJna3Foa2lHOXcwQkFRc0ZBREFWTVJNd0VRWURWUVFERXdwcmRXSmwKY201bGRHVnpNQjRYRFRJeE1ESXlOakEzTWpreE0xb1hEVE14TURJeU5EQTNNamt4TTFvd0ZURVRNQkVHQTFVRQpBeE1LYTNWaVpYSnVaWFJsY3pDQ0FTSXdEUVlKS29aSWh2Y05BUUVCQlFBRGdnRVBBRENDQVFvQ2dnRUJBT0hyCkpaS0hkMndYMHlDRGl2QlQzeUhnWVBGZk5zQVdhRHlZVEQrY0pIYmkwdDFNQnNZcTY0UnpMU21XWFFSWlNENlcKUE53OHYxOEs5L25kUi9kVGxCT1RqOGFtL2VoV2NjQ3hrcTd2K3kyRFdRYTB3OG90d2xkU1Q0RFNKK1BUYWNYNAo2bXhpYjFyYTdtV0pKdG9QZDNJSUV4cmY1QldvSDF5Z2t3MERHWnVhZ3pscStqUko3UjNGYjZFeUt4Y0RHY1lrCkhRVGYwRURLZkN1cFpiS0tGcm9JYVZQSWd3aC80S2ZSSmx2NWlWa01HVjBGL3FpTU11OWlUQmgvSEJ2RWRFOTgKQlFLNG5qVWs3aTJhem5ZKzRYWTFxZ0dINFNPRndERktuUDV2eWhDNzR6dzg2cVpRWHBwbzY1ZWlLZVJNVGlORApCUHBUek9zb3FPSHZqaWFkRDNVQ0F3RUFBYU1qTUNFd0RnWURWUjBQQVFIL0JBUURBZ0trTUE4R0ExVWRFd0VCCi93UUZNQU1CQWY4d0RRWUpLb1pJaHZjTkFRRUxCUUFEZ2dFQkFKc1lnTFdXejg2OTAxUVZUMkJhQ1I5dEVFVUUKMFlodTZka25pN0tYZFNaUWI1NGI2N0pxRGJuVmNIYWFmYWZJNTM2UWxmUm9QYlhacHVFbXZsSHFNNEVIR2E0WApYR3RMYUtZTlVOMkRnMXVidkNTclZuQ0FlK0RYTHVOL1lTbHZHbUU0S1R4U2twdGh4MmdpVTE3MUlkSGtNOHJYCkxoM29jcG1maUJmVlJZcFB3aWVQTkh5VVJSbDhLay9zMU9MTXc1SG81UGF0Rk11NEtKZU4wZFA0YTdwSWh1Qm0KZU9QL1ZFRkJOOWJVMkRJaFp6Y0FNazB3ZDBqWEdYbTlKQWgrN3hsdGxhSjlDYklZK3NRT1N5NFc4amFJb1VNRQpmTERuVC9laVBrZFJTRnQrM1BMNzN0S1R4bHpZeDc5b3l3c3g1azlIK0w1T0FxWldzZjdoZnRjUjF3MD0KLS0tLS1FTkQgQ0VSVElGSUNBVEUtLS0tLQo="
              }
            ],
            "created_at": "2021-02-26 07:22:08.371 +0000 UTC",
            "enabled_cluster_log_types": null,
            "encryption_config": [],
            "endpoint": "https://653EB3B5C2D87A618B845D350B137439.sk1.ap-south-1.eks.amazonaws.com",
            "id": "terraform-eks-demo",
            "identity": [
              {
                "oidc": [
                  {
                    "issuer": "https://oidc.eks.ap-south-1.amazonaws.com/id/653EB3B5C2D87A618B845D350B137439"
                  }
                ]
              }
            ],
            "kubernetes_network_config": [
              {
                "service_ipv4_cidr": "172.20.0.0/16"
              }
            ],
            "name": "terraform-eks-demo",
            "platform_version": "eks.3",
            "role_arn": "arn:aws:iam::419915764910:role/eksClusterRole",
            "status": "ACTIVE",
            "tags": null,
            "timeouts": null,
            "version": "1.18",
            "vpc_config": [
              {
                "cluster_security_group_id": "sg-0a5dd531a2fa3c550",
                "endpoint_private_access": false,
                "endpoint_public_access": true,
                "public_access_cidrs": [
                  "0.0.0.0/0"
                ],
                "security_group_ids": null,
                "subnet_ids": [
                  "subnet-01ee57da674945012",
                  "subnet-06ee37c811c91e136"
                ],
                "vpc_id": "vpc-0babb37c1b650f733"
              }
            ]
          },
          "private": "eyJlMmJmYjczMC1lY2FhLTExZTYtOGY4OC0zNDM2M2JjN2M0YzAiOnsiY3JlYXRlIjoxODAwMDAwMDAwMDAwLCJkZWxldGUiOjkwMDAwMDAwMDAwMCwidXBkYXRlIjozNjAwMDAwMDAwMDAwfX0="
        }
      ]
    },
    {
      "mode": "managed",
      "type": "aws_eks_node_group",
      "name": "example",
      "provider": "provider.aws",
      "instances": [
        {
          "schema_version": 0,
          "attributes": {
            "ami_type": "AL2_x86_64",
            "arn": "arn:aws:eks:ap-south-1:419915764910:nodegroup/terraform-eks-demo/agentpool/fcbbeea0-cc47-8684-a456-91fd9381c709",
            "capacity_type": "ON_DEMAND",
            "cluster_name": "terraform-eks-demo",
            "disk_size": 20,
            "force_update_version": null,
            "id": "terraform-eks-demo:agentpool",
            "instance_types": [
              "t3.medium"
            ],
            "labels": null,
            "launch_template": [],
            "node_group_name": "agentpool",
            "node_role_arn": "arn:aws:iam::419915764910:role/NodeInstanceRole",
            "release_version": "1.18.9-20210208",
            "remote_access": [],
            "resources": [
              {
                "autoscaling_groups": [
                  {
                    "name": "eks-fcbbeea0-cc47-8684-a456-91fd9381c709"
                  }
                ],
                "remote_access_security_group_id": ""
              }
            ],
            "scaling_config": [
              {
                "desired_size": 1,
                "max_size": 1,
                "min_size": 1
              }
            ],
            "status": "ACTIVE",
            "subnet_ids": [
              "subnet-01ee57da674945012",
              "subnet-06ee37c811c91e136"
            ],
            "tags": {
              "Environment": "test"
            },
            "timeouts": null,
            "version": "1.18"
          },
          "private": "eyJlMmJmYjczMC1lY2FhLTExZTYtOGY4OC0zNDM2M2JjN2M0YzAiOnsiY3JlYXRlIjozNjAwMDAwMDAwMDAwLCJkZWxldGUiOjM2MDAwMDAwMDAwMDAsInVwZGF0ZSI6MzYwMDAwMDAwMDAwMH19",
          "dependencies": [
            "aws_eks_cluster.eksClusterRole"
          ]
        }
      ]
    }
  ]
}
